
Microsoft Visual Studio Solution File, Format Version 12.00
# Visual Studio Version 17
VisualStudioVersion = 17.6.33801.468
MinimumVisualStudioVersion = 10.0.40219.1
Project("{FAE04EC0-301F-11D3-BF4B-00C04F79EFBC}") = "P018_SonraSil1", "P018_SonraSil1\P018_SonraSil1.csproj", "{2F5C1207-7F5B-4392-8B04-3CDDCB88FCD5}"
EndProject
Global
	GlobalSection(SolutionConfigurationPlatforms) = preSolution
		Debug|Any CPU = Debug|Any CPU
		Release|Any CPU = Release|Any CPU
	EndGlobalSection
	GlobalSection(ProjectConfigurationPlatforms) = postSolution
		{2F5C1207-7F5B-4392-8B04-3CDDCB88FCD5}.Debug|Any CPU.ActiveCfg = Debug|Any CPU
		{2F5C1207-7F5B-4392-8B04-3CDDCB88FCD5}.Debug|Any CPU.Build.0 = Debug|Any CPU
		{2F5C1207-7F5B-4392-8B04-3CDDCB88FCD5}.Release|Any CPU.ActiveCfg = Release|Any CPU
		{2F5C1207-7F5B-4392-8B04-3CDDCB88FCD5}.Release|Any CPU.Build.0 = Release|Any CPU
	EndGlobalSection
	GlobalSection(SolutionProperties) = preSolution
		HideSolutionNode = FALSE
	EndGlobalSection
	GlobalSection(ExtensibilityGlobals) = postSolution
		SolutionGuid = {C6F1D7F3-3269-42CB-9BBE-B620977B00DF}
	EndGlobalSection
EndGlobal
